// !$*UTF8*$!
{
	archiveVersion = 1;
	classes = {
	};
	objectVersion = 46;
	objects = {

/* Begin PBXBuildFile section */
		AEB08BE51C37E65800250E7E /* main.m in Sources */ = {isa = PBXBuildFile; fileRef = AEB08BE41C37E65800250E7E /* main.m */; };
		AEB08BE81C37E65800250E7E /* AppDelegate.m in Sources */ = {isa = PBXBuildFile; fileRef = AEB08BE71C37E65800250E7E /* AppDelegate.m */; };
		AEB08BEE1C37E65800250E7E /* Main.storyboard in Resources */ = {isa = PBXBuildFile; fileRef = AEB08BEC1C37E65800250E7E /* Main.storyboard */; };
		AEB08BF01C37E65800250E7E /* Assets.xcassets in Resources */ = {isa = PBXBuildFile; fileRef = AEB08BEF1C37E65800250E7E /* Assets.xcassets */; };
		AEB08BF31C37E65800250E7E /* LaunchScreen.storyboard in Resources */ = {isa = PBXBuildFile; fileRef = AEB08BF11C37E65800250E7E /* LaunchScreen.storyboard */; };
		AEB08BFE1C37E6B900250E7E /* RootViewController.m in Sources */ = {isa = PBXBuildFile; fileRef = AEB08BFD1C37E6B900250E7E /* RootViewController.m */; };
		AEB08C101C37EC2600250E7E /* TableViewController.m in Sources */ = {isa = PBXBuildFile; fileRef = AEB08C0F1C37EC2600250E7E /* TableViewController.m */; };
		AEB08C131C37ED5600250E7E /* CollectionViewController.m in Sources */ = {isa = PBXBuildFile; fileRef = AEB08C121C37ED5600250E7E /* CollectionViewController.m */; };
		AEB08C161C37F1C200250E7E /* ViewController.m in Sources */ = {isa = PBXBuildFile; fileRef = AEB08C151C37F1C200250E7E /* ViewController.m */; };
		AEB08C191C38FB1400250E7E /* TableViewCell.m in Sources */ = {isa = PBXBuildFile; fileRef = AEB08C181C38FB1400250E7E /* TableViewCell.m */; };
		AEB08C1C1C38FD7800250E7E /* CollectionViewCell.m in Sources */ = {isa = PBXBuildFile; fileRef = AEB08C1B1C38FD7800250E7E /* CollectionViewCell.m */; };
		AEB08C231C3908EC00250E7E /* ZWZNavigationBar.m in Sources */ = {isa = PBXBuildFile; fileRef = AEB08C1E1C3908EC00250E7E /* ZWZNavigationBar.m */; };
		AEB08C241C3908EC00250E7E /* ZWZNavigationController.m in Sources */ = {isa = PBXBuildFile; fileRef = AEB08C211C3908EC00250E7E /* ZWZNavigationController.m */; };
/* End PBXBuildFile section */

/* Begin PBXFileReference section */
		AEB08BE01C37E65800250E7E /* ZWZNavigationControllerDemo.app */ = {isa = PBXFileReference; explicitFileType = wrapper.application; includeInIndex = 0; path = ZWZNavigationControllerDemo.app; sourceTree = BUILT_PRODUCTS_DIR; };
		AEB08BE41C37E65800250E7E /* main.m */ = {isa = PBXFileReference; lastKnownFileType = sourcecode.c.objc; path = main.m; sourceTree = "<group>"; };
		AEB08BE61C37E65800250E7E /* AppDelegate.h */ = {isa = PBXFileReference; lastKnownFileType = sourcecode.c.h; path = AppDelegate.h; sourceTree = "<group>"; };
		AEB08BE71C37E65800250E7E /* AppDelegate.m */ = {isa = PBXFileReference; lastKnownFileType = sourcecode.c.objc; path = AppDelegate.m; sourceTree = "<group>"; };
		AEB08BED1C37E65800250E7E /* Base */ = {isa = PBXFileReference; lastKnownFileType = file.storyboard; name = Base; path = Base.lproj/Main.storyboard; sourceTree = "<group>"; };
		AEB08BEF1C37E65800250E7E /* Assets.xcassets */ = {isa = PBXFileReference; lastKnownFileType = folder.assetcatalog; path = Assets.xcassets; sourceTree = "<group>"; };
		AEB08BF21C37E65800250E7E /* Base */ = {isa = PBXFileReference; lastKnownFileType = file.storyboard; name = Base; path = Base.lproj/LaunchScreen.storyboard; sourceTree = "<group>"; };
		AEB08BF41C37E65800250E7E /* Info.plist */ = {isa = PBXFileReference; lastKnownFileType = text.plist.xml; path = Info.plist; sourceTree = "<group>"; };
		AEB08BFC1C37E6B900250E7E /* RootViewController.h */ = {isa = PBXFileReference; fileEncoding = 4; lastKnownFileType = sourcecode.c.h; path = RootViewController.h; sourceTree = "<group>"; };
		AEB08BFD1C37E6B900250E7E /* RootViewController.m */ = {isa = PBXFileReference; fileEncoding = 4; lastKnownFileType = sourcecode.c.objc; path = RootViewController.m; sourceTree = "<group>"; };
		AEB08C0E1C37EC2600250E7E /* TableViewController.h */ = {isa = PBXFileReference; fileEncoding = 4; lastKnownFileType = sourcecode.c.h; path = TableViewController.h; sourceTree = "<group>"; };
		AEB08C0F1C37EC2600250E7E /* TableViewController.m */ = {isa = PBXFileReference; fileEncoding = 4; lastKnownFileType = sourcecode.c.objc; path = TableViewController.m; sourceTree = "<group>"; };
		AEB08C111C37ED5600250E7E /* CollectionViewController.h */ = {isa = PBXFileReference; fileEncoding = 4; lastKnownFileType = sourcecode.c.h; path = CollectionViewController.h; sourceTree = "<group>"; };
		AEB08C121C37ED5600250E7E /* CollectionViewController.m */ = {isa = PBXFileReference; fileEncoding = 4; lastKnownFileType = sourcecode.c.objc; path = CollectionViewController.m; sourceTree = "<group>"; };
		AEB08C141C37F1C200250E7E /* ViewController.h */ = {isa = PBXFileReference; fileEncoding = 4; lastKnownFileType = sourcecode.c.h; path = ViewController.h; sourceTree = "<group>"; };
		AEB08C151C37F1C200250E7E /* ViewController.m */ = {isa = PBXFileReference; fileEncoding = 4; lastKnownFileType = sourcecode.c.objc; path = ViewController.m; sourceTree = "<group>"; };
		AEB08C171C38FB1400250E7E /* TableViewCell.h */ = {isa = PBXFileReference; fileEncoding = 4; lastKnownFileType = sourcecode.c.h; path = TableViewCell.h; sourceTree = "<group>"; };
		AEB08C181C38FB1400250E7E /* TableViewCell.m */ = {isa = PBXFileReference; fileEncoding = 4; lastKnownFileType = sourcecode.c.objc; path = TableViewCell.m; sourceTree = "<group>"; };
		AEB08C1A1C38FD7800250E7E /* CollectionViewCell.h */ = {isa = PBXFileReference; fileEncoding = 4; lastKnownFileType = sourcecode.c.h; path = CollectionViewCell.h; sourceTree = "<group>"; };
		AEB08C1B1C38FD7800250E7E /* CollectionViewCell.m */ = {isa = PBXFileReference; fileEncoding = 4; lastKnownFileType = sourcecode.c.objc; path = CollectionViewCell.m; sourceTree = "<group>"; };
		AEB08C1D1C3908EC00250E7E /* ZWZNavigationBar.h */ = {isa = PBXFileReference; fileEncoding = 4; lastKnownFileType = sourcecode.c.h; name = ZWZNavigationBar.h; path = ZWZNavigationController/ZWZNavigationBar.h; sourceTree = "<group>"; };
		AEB08C1E1C3908EC00250E7E /* ZWZNavigationBar.m */ = {isa = PBXFileReference; fileEncoding = 4; lastKnownFileType = sourcecode.c.objc; name = ZWZNavigationBar.m; path = ZWZNavigationController/ZWZNavigationBar.m; sourceTree = "<group>"; };
		AEB08C1F1C3908EC00250E7E /* ZWZNavigationBarProtocol.h */ = {isa = PBXFileReference; fileEncoding = 4; lastKnownFileType = sourcecode.c.h; name = ZWZNavigationBarProtocol.h; path = ZWZNavigationController/ZWZNavigationBarProtocol.h; sourceTree = "<group>"; };
		AEB08C201C3908EC00250E7E /* ZWZNavigationController.h */ = {isa = PBXFileReference; fileEncoding = 4; lastKnownFileType = sourcecode.c.h; name = ZWZNavigationController.h; path = ZWZNavigationController/ZWZNavigationController.h; sourceTree = "<group>"; };
		AEB08C211C3908EC00250E7E /* ZWZNavigationController.m */ = {isa = PBXFileReference; fileEncoding = 4; lastKnownFileType = sourcecode.c.objc; name = ZWZNavigationController.m; path = ZWZNavigationController/ZWZNavigationController.m; sourceTree = "<group>"; };
		AEB08C221C3908EC00250E7E /* ZWZNavigationControllerProtocol.h */ = {isa = PBXFileReference; fileEncoding = 4; lastKnownFileType = sourcecode.c.h; name = ZWZNavigationControllerProtocol.h; path = ZWZNavigationController/ZWZNavigationControllerProtocol.h; sourceTree = "<group>"; };
/* End PBXFileReference section */

/* Begin PBXFrameworksBuildPhase section */
		AEB08BDD1C37E65800250E7E /* Frameworks */ = {
			isa = PBXFrameworksBuildPhase;
			buildActionMask = 2147483647;
			files = (
			);
			runOnlyForDeploymentPostprocessing = 0;
		};
/* End PBXFrameworksBuildPhase section */

/* Begin PBXGroup section */
		AEB08BD71C37E65800250E7E = {
			isa = PBXGroup;
			children = (
				AEB08BFF1C37EBE100250E7E /* ZWZNavigationController */,
				AEB08BE21C37E65800250E7E /* ZWZNavigationControllerDemo */,
				AEB08BE11C37E65800250E7E /* Products */,
			);
			sourceTree = "<group>";
		};
		AEB08BE11C37E65800250E7E /* Products */ = {
			isa = PBXGroup;
			children = (
				AEB08BE01C37E65800250E7E /* ZWZNavigationControllerDemo.app */,
			);
			name = Products;
			sourceTree = "<group>";
		};
		AEB08BE21C37E65800250E7E /* ZWZNavigationControllerDemo */ = {
			isa = PBXGroup;
			children = (
				AEB08BFC1C37E6B900250E7E /* RootViewController.h */,
				AEB08BFD1C37E6B900250E7E /* RootViewController.m */,
				AEB08C0E1C37EC2600250E7E /* TableViewController.h */,
				AEB08C0F1C37EC2600250E7E /* TableViewController.m */,
				AEB08C171C38FB1400250E7E /* TableViewCell.h */,
				AEB08C181C38FB1400250E7E /* TableViewCell.m */,
				AEB08C111C37ED5600250E7E /* CollectionViewController.h */,
				AEB08C121C37ED5600250E7E /* CollectionViewController.m */,
				AEB08C1A1C38FD7800250E7E /* CollectionViewCell.h */,
				AEB08C1B1C38FD7800250E7E /* CollectionViewCell.m */,
				AEB08C141C37F1C200250E7E /* ViewController.h */,
				AEB08C151C37F1C200250E7E /* ViewController.m */,
				AEB08BE61C37E65800250E7E /* AppDelegate.h */,
				AEB08BE71C37E65800250E7E /* AppDelegate.m */,
				AEB08BEC1C37E65800250E7E /* Main.storyboard */,
				AEB08BEF1C37E65800250E7E /* Assets.xcassets */,
				AEB08BF11C37E65800250E7E /* LaunchScreen.storyboard */,
				AEB08BF41C37E65800250E7E /* Info.plist */,
				AEB08BE31C37E65800250E7E /* Supporting Files */,
			);
			path = ZWZNavigationControllerDemo;
			sourceTree = "<group>";
		};
		AEB08BE31C37E65800250E7E /* Supporting Files */ = {
			isa = PBXGroup;
			children = (
				AEB08BE41C37E65800250E7E /* main.m */,
			);
			name = "Supporting Files";
			sourceTree = "<group>";
		};
		AEB08BFF1C37EBE100250E7E /* ZWZNavigationController */ = {
			isa = PBXGroup;
			children = (
				AEB08C1D1C3908EC00250E7E /* ZWZNavigationBar.h */,
				AEB08C1E1C3908EC00250E7E /* ZWZNavigationBar.m */,
				AEB08C1F1C3908EC00250E7E /* ZWZNavigationBarProtocol.h */,
				AEB08C201C3908EC00250E7E /* ZWZNavigationController.h */,
				AEB08C211C3908EC00250E7E /* ZWZNavigationController.m */,
				AEB08C221C3908EC00250E7E /* ZWZNavigationControllerProtocol.h */,
			);
			name = ZWZNavigationController;
			sourceTree = "<group>";
		};
/* End PBXGroup section */

/* Begin PBXNativeTarget section */
		AEB08BDF1C37E65800250E7E /* ZWZNavigationControllerDemo */ = {
			isa = PBXNativeTarget;
			buildConfigurationList = AEB08BF71C37E65800250E7E /* Build configuration list for PBXNativeTarget "ZWZNavigationControllerDemo" */;
			buildPhases = (
				AEB08BDC1C37E65800250E7E /* Sources */,
				AEB08BDD1C37E65800250E7E /* Frameworks */,
				AEB08BDE1C37E65800250E7E /* Resources */,
			);
			buildRules = (
			);
			dependencies = (
			);
			name = ZWZNavigationControllerDemo;
			productName = ZWZNavigationControllerDemo;
			productReference = AEB08BE01C37E65800250E7E /* ZWZNavigationControllerDemo.app */;
			productType = "com.apple.product-type.application";
		};
/* End PBXNativeTarget section */

/* Begin PBXProject section */
		AEB08BD81C37E65800250E7E /* Project object */ = {
			isa = PBXProject;
			attributes = {
				LastUpgradeCheck = 0720;
				ORGANIZATIONNAME = ZWZ;
				TargetAttributes = {
					AEB08BDF1C37E65800250E7E = {
						CreatedOnToolsVersion = 7.2;
					};
				};
			};
			buildConfigurationList = AEB08BDB1C37E65800250E7E /* Build configuration list for PBXProject "ZWZNavigationControllerDemo" */;
			compatibilityVersion = "Xcode 3.2";
			developmentRegion = English;
			hasScannedForEncodings = 0;
			knownRegions = (
				en,
				Base,
			);
			mainGroup = AEB08BD71C37E65800250E7E;
			productRefGroup = AEB08BE11C37E65800250E7E /* Products */;
			projectDirPath = "";
			projectRoot = "";
			targets = (
				AEB08BDF1C37E65800250E7E /* ZWZNavigationControllerDemo */,
			);
		};
/* End PBXProject section */

/* Begin PBXResourcesBuildPhase section */
		AEB08BDE1C37E65800250E7E /* Resources */ = {
			isa = PBXResourcesBuildPhase;
			buildActionMask = 2147483647;
			files = (
				AEB08BF31C37E65800250E7E /* LaunchScreen.storyboard in Resources */,
				AEB08BF01C37E65800250E7E /* Assets.xcassets in Resources */,
				AEB08BEE1C37E65800250E7E /* Main.storyboard in Resources */,
			);
			runOnlyForDeploymentPostprocessing = 0;
		};
/* End PBXResourcesBuildPhase section */

/* Begin PBXSourcesBuildPhase section */
		AEB08BDC1C37E65800250E7E /* Sources */ = {
			isa = PBXSourcesBuildPhase;
			buildActionMask = 2147483647;
			files = (
				AEB08BE81C37E65800250E7E /* AppDelegate.m in Sources */,
				AEB08BFE1C37E6B900250E7E /* RootViewController.m in Sources */,
				AEB08C191C38FB1400250E7E /* TableViewCell.m in Sources */,
				AEB08C241C3908EC00250E7E /* ZWZNavigationController.m in Sources */,
				AEB08C231C3908EC00250E7E /* ZWZNavigationBar.m in Sources */,
				AEB08C161C37F1C200250E7E /* ViewController.m in Sources */,
				AEB08C1C1C38FD7800250E7E /* CollectionViewCell.m in Sources */,
				AEB08BE51C37E65800250E7E /* main.m in Sources */,
				AEB08C101C37EC2600250E7E /* TableViewController.m in Sources */,
				AEB08C131C37ED5600250E7E /* CollectionViewController.m in Sources */,
			);
			runOnlyForDeploymentPostprocessing = 0;
		};
/* End PBXSourcesBuildPhase section */

/* Begin PBXVariantGroup section */
		AEB08BEC1C37E65800250E7E /* Main.storyboard */ = {
			isa = PBXVariantGroup;
			children = (
				AEB08BED1C37E65800250E7E /* Base */,
			);
			name = Main.storyboard;
			sourceTree = "<group>";
		};
		AEB08BF11C37E65800250E7E /* LaunchScreen.storyboard */ = {
			isa = PBXVariantGroup;
			children = (
				AEB08BF21C37E65800250E7E /* Base */,
			);
			name = LaunchScreen.storyboard;
			sourceTree = "<group>";
		};
/* End PBXVariantGroup section */

/* Begin XCBuildConfiguration section */
		AEB08BF51C37E65800250E7E /* Debug */ = {
			isa = XCBuildConfiguration;
			buildSettings = {
				ALWAYS_SEARCH_USER_PATHS = NO;
				CLANG_CXX_LANGUAGE_STANDARD = "gnu++0x";
				CLANG_CXX_LIBRARY = "libc++";
				CLANG_ENABLE_MODULES = YES;
				CLANG_ENABLE_OBJC_ARC = YES;
				CLANG_WARN_BOOL_CONVERSION = YES;
				CLANG_WARN_CONSTANT_CONVERSION = YES;
				CLANG_WARN_DIRECT_OBJC_ISA_USAGE = YES_ERROR;
				CLANG_WARN_EMPTY_BODY = YES;
				CLANG_WARN_ENUM_CONVERSION = YES;
				CLANG_WARN_INT_CONVERSION = YES;
				CLANG_WARN_OBJC_ROOT_CLASS = YES_ERROR;
				CLANG_WARN_UNREACHABLE_CODE = YES;
				CLANG_WARN__DUPLICATE_METHOD_MATCH = YES;
				"CODE_SIGN_IDENTITY[sdk=iphoneos*]" = "iPhone Developer";
				COPY_PHASE_STRIP = NO;
				DEBUG_INFORMATION_FORMAT = dwarf;
				ENABLE_STRICT_OBJC_MSGSEND = YES;
				ENABLE_TESTABILITY = YES;
				GCC_C_LANGUAGE_STANDARD = gnu99;
				GCC_DYNAMIC_NO_PIC = NO;
				GCC_NO_COMMON_BLOCKS = YES;
				GCC_OPTIMIZATION_LEVEL = 0;
				GCC_PREPROCESSOR_DEFINITIONS = (
					"DEBUG=1",
					"$(inherited)",
				);
				GCC_WARN_64_TO_32_BIT_CONVERSION = YES;
				GCC_WARN_ABOUT_RETURN_TYPE = YES_ERROR;
				GCC_WARN_UNDECLARED_SELECTOR = YES;
				GCC_WARN_UNINITIALIZED_AUTOS = YES_AGGRESSIVE;
				GCC_WARN_UNUSED_FUNCTION = YES;
				GCC_WARN_UNUSED_VARIABLE = YES;
				IPHONEOS_DEPLOYMENT_TARGET = 9.2;
				MTL_ENABLE_DEBUG_INFO = YES;
				ONLY_ACTIVE_ARCH = YES;
				SDKROOT = iphoneos;
				TARGETED_DEVICE_FAMILY = "1,2";
			};
			name = Debug;
		};
		AEB08BF61C37E65800250E7E /* Release */ = {
			isa = XCBuildConfiguration;
			buildSettings = {
				ALWAYS_SEARCH_USER_PATHS = NO;
				CLANG_CXX_LANGUAGE_STANDARD = "gnu++0x";
				CLANG_CXX_LIBRARY = "libc++";
				CLANG_ENABLE_MODULES = YES;
				CLANG_ENABLE_OBJC_ARC = YES;
				CLANG_WARN_BOOL_CONVERSION = YES;
				CLANG_WARN_CONSTANT_CONVERSION = YES;
				CLANG_WARN_DIRECT_OBJC_ISA_USAGE = YES_ERROR;
				CLANG_WARN_EMPTY_BODY = YES;
				CLANG_WARN_ENUM_CONVERSION = YES;
				CLANG_WARN_INT_CONVERSION = YES;
				CLANG_WARN_OBJC_ROOT_CLASS = YES_ERROR;
				CLANG_WARN_UNREACHABLE_CODE = YES;
				CLANG_WARN__DUPLICATE_METHOD_MATCH = YES;
				"CODE_SIGN_IDENTITY[sdk=iphoneos*]" = "iPhone Developer";
				COPY_PHASE_STRIP = NO;
				DEBUG_INFORMATION_FORMAT = "dwarf-with-dsym";
				ENABLE_NS_ASSERTIONS = NO;
				ENABLE_STRICT_OBJC_MSGSEND = YES;
				GCC_C_LANGUAGE_STANDARD = gnu99;
				GCC_NO_COMMON_BLOCKS = YES;
				GCC_WARN_64_TO_32_BIT_CONVERSION = YES;
				GCC_WARN_ABOUT_RETURN_TYPE = YES_ERROR;
				GCC_WARN_UNDECLARED_SELECTOR = YES;
				GCC_WARN_UNINITIALIZED_AUTOS = YES_AGGRESSIVE;
				GCC_WARN_UNUSED_FUNCTION = YES;
				GCC_WARN_UNUSED_VARIABLE = YES;
				IPHONEOS_DEPLOYMENT_TARGET = 9.2;
				MTL_ENABLE_DEBUG_INFO = NO;
				SDKROOT = iphoneos;
				TARGETED_DEVICE_FAMILY = "1,2";
				VALIDATE_PRODUCT = YES;
			};
			name = Release;
		};
		AEB08BF81C37E65800250E7E /* Debug */ = {
			isa = XCBuildConfiguration;
			buildSettings = {
				ASSETCATALOG_COMPILER_APPICON_NAME = AppIcon;
				INFOPLIST_FILE = ZWZNavigationControllerDemo/Info.plist;
				IPHONEOS_DEPLOYMENT_TARGET = 7.0;
				LD_RUNPATH_SEARCH_PATHS = "$(inherited) @executable_path/Frameworks";
				PRODUCT_BUNDLE_IDENTIFIER = com.zwz.ZWZNavigationControllerDemo;
				PRODUCT_NAME = "$(TARGET_NAME)";
			};
			name = Debug;
		};
		AEB08BF91C37E65800250E7E /* Release */ = {
			isa = XCBuildConfiguration;
			buildSettings = {
				ASSETCATALOG_COMPILER_APPICON_NAME = AppIcon;
				INFOPLIST_FILE = ZWZNavigationControllerDemo/Info.plist;
				IPHONEOS_DEPLOYMENT_TARGET = 7.0;
				LD_RUNPATH_SEARCH_PATHS = "$(inherited) @executable_path/Frameworks";
				PRODUCT_BUNDLE_IDENTIFIER = com.zwz.ZWZNavigationControllerDemo;
				PRODUCT_NAME = "$(TARGET_NAME)";
			};
			name = Release;
		};
/* End XCBuildConfiguration section */

/* Begin XCConfigurationList section */
		AEB08BDB1C37E65800250E7E /* Build configuration list for PBXProject "ZWZNavigationControllerDemo" */ = {
			isa = XCConfigurationList;
			buildConfigurations = (
				AEB08BF51C37E65800250E7E /* Debug */,
				AEB08BF61C37E65800250E7E /* Release */,
			);
			defaultConfigurationIsVisible = 0;
			defaultConfigurationName = Release;
		};
		AEB08BF71C37E65800250E7E /* Build configuration list for PBXNativeTarget "ZWZNavigationControllerDemo" */ = {
			isa = XCConfigurationList;
			buildConfigurations = (
				AEB08BF81C37E65800250E7E /* Debug */,
				AEB08BF91C37E65800250E7E /* Release */,
			);
			defaultConfigurationIsVisible = 0;
			defaultConfigurationName = Release;
		};
/* End XCConfigurationList section */
	};
	rootObject = AEB08BD81C37E65800250E7E /* Project object */;
}
